
Microsoft Visual Studio Solution File, Format Version 12.00
# Visual Studio Version 17
VisualStudioVersion = 17.1.32421.90
MinimumVisualStudioVersion = 10.0.40219.1
Project("{9A19103F-16F7-4668-BE54-9A1E7A4F7556}") = "ImageProcessing", "ImageProcessing\ImageProcessing.csproj", "{C5E11B59-A4CA-4050-ACF2-FE2CCD1890F1}"
EndProject
Project("{FAE04EC0-301F-11D3-BF4B-00C04F79EFBC}") = "ImageProcessingTests", "ImageProcessingTests\ImageProcessingTests.csproj", "{C5567B17-D00E-41DB-9480-934E03B185B7}"
EndProject
Project("{9A19103F-16F7-4668-BE54-9A1E7A4F7556}") = "ImageProcessingInterface", "ImageProcessingInterface\ImageProcessingInterface.csproj", "{62640F97-15F6-4163-BBA5-3658EABEA2C1}"
EndProject

Global
	GlobalSection(SolutionConfigurationPlatforms) = preSolution
		Debug|Any CPU = Debug|Any CPU
		Release|Any CPU = Release|Any CPU
	EndGlobalSection
	GlobalSection(ProjectConfigurationPlatforms) = postSolution
		{C5E11B59-A4CA-4050-ACF2-FE2CCD1890F1}.Debug|Any CPU.ActiveCfg = Debug|Any CPU
		{C5E11B59-A4CA-4050-ACF2-FE2CCD1890F1}.Debug|Any CPU.Build.0 = Debug|Any CPU
		{C5E11B59-A4CA-4050-ACF2-FE2CCD1890F1}.Release|Any CPU.ActiveCfg = Release|Any CPU
		{C5E11B59-A4CA-4050-ACF2-FE2CCD1890F1}.Release|Any CPU.Build.0 = Release|Any CPU
		{C5567B17-D00E-41DB-9480-934E03B185B7}.Debug|Any CPU.ActiveCfg = Debug|Any CPU
		{C5567B17-D00E-41DB-9480-934E03B185B7}.Debug|Any CPU.Build.0 = Debug|Any CPU
		{C5567B17-D00E-41DB-9480-934E03B185B7}.Release|Any CPU.ActiveCfg = Release|Any CPU
		{C5567B17-D00E-41DB-9480-934E03B185B7}.Release|Any CPU.Build.0 = Release|Any CPU
		{62640F97-15F6-4163-BBA5-3658EABEA2C1}.Debug|Any CPU.ActiveCfg = Debug|Any CPU
		{62640F97-15F6-4163-BBA5-3658EABEA2C1}.Debug|Any CPU.Build.0 = Debug|Any CPU
		{62640F97-15F6-4163-BBA5-3658EABEA2C1}.Release|Any CPU.ActiveCfg = Release|Any CPU
		{62640F97-15F6-4163-BBA5-3658EABEA2C1}.Release|Any CPU.Build.0 = Release|Any CPU
		{AEC5E6CE-F4AE-4AC2-9D9E-BA913559F59A}.Debug|Any CPU.ActiveCfg = Debug|Any CPU
	EndGlobalSection
	GlobalSection(SolutionProperties) = preSolution
		HideSolutionNode = FALSE
	EndGlobalSection
	GlobalSection(ExtensibilityGlobals) = postSolution
		SolutionGuid = {1E73667A-2565-4011-A122-7B495D71C90B}
	EndGlobalSection
EndGlobal
