
Microsoft Visual Studio Solution File, Format Version 12.00
# Visual Studio Version 16
VisualStudioVersion = 16.0.30804.86
MinimumVisualStudioVersion = 10.0.40219.1
Project("{9A19103F-16F7-4668-BE54-9A1E7A4F7556}") = "ImageProcessing", "ImageProcessing\ImageProcessing.csproj", "{C5E11B59-A4CA-4050-ACF2-FE2CCD1890F1}"
EndProject
Project("{FAE04EC0-301F-11D3-BF4B-00C04F79EFBC}") = "ImageProcessingTests", "ImageProcessingTests\ImageProcessingTests.csproj", "{679E9EFE-049C-4666-9EB6-6CE75D20BB36}"
EndProject
Global
	GlobalSection(SolutionConfigurationPlatforms) = preSolution
		Debug|Any CPU = Debug|Any CPU
		Release|Any CPU = Release|Any CPU
	EndGlobalSection
	GlobalSection(ProjectConfigurationPlatforms) = postSolution
		{C5E11B59-A4CA-4050-ACF2-FE2CCD1890F1}.Debug|Any CPU.ActiveCfg = Debug|Any CPU
		{C5E11B59-A4CA-4050-ACF2-FE2CCD1890F1}.Debug|Any CPU.Build.0 = Debug|Any CPU
		{C5E11B59-A4CA-4050-ACF2-FE2CCD1890F1}.Release|Any CPU.ActiveCfg = Release|Any CPU
		{C5E11B59-A4CA-4050-ACF2-FE2CCD1890F1}.Release|Any CPU.Build.0 = Release|Any CPU
		{679E9EFE-049C-4666-9EB6-6CE75D20BB36}.Debug|Any CPU.ActiveCfg = Debug|Any CPU
		{679E9EFE-049C-4666-9EB6-6CE75D20BB36}.Debug|Any CPU.Build.0 = Debug|Any CPU
		{679E9EFE-049C-4666-9EB6-6CE75D20BB36}.Release|Any CPU.ActiveCfg = Release|Any CPU
		{679E9EFE-049C-4666-9EB6-6CE75D20BB36}.Release|Any CPU.Build.0 = Release|Any CPU
	EndGlobalSection
	GlobalSection(SolutionProperties) = preSolution
		HideSolutionNode = FALSE
	EndGlobalSection
	GlobalSection(ExtensibilityGlobals) = postSolution
		SolutionGuid = {1E73667A-2565-4011-A122-7B495D71C90B}
	EndGlobalSection
EndGlobal
